
Microsoft Visual Studio Solution File, Format Version 12.00
# Visual Studio Version 17
VisualStudioVersion = 17.8.34330.188
MinimumVisualStudioVersion = 10.0.40219.1
Project("{8BC9CEB8-8B4A-11D0-8D11-00A0C91BC942}") = "excercise1_level1_module1-1.5", "excercise1_level1_module1-1.5\excercise1_level1_module1-1.5.vcxproj", "{FF70348E-6B72-4BB1-AAB5-921766CA73AF}"
EndProject
Global
	GlobalSection(SolutionConfigurationPlatforms) = preSolution
		Debug|x64 = Debug|x64
		Debug|x86 = Debug|x86
		Release|x64 = Release|x64
		Release|x86 = Release|x86
	EndGlobalSection
	GlobalSection(ProjectConfigurationPlatforms) = postSolution
		{FF70348E-6B72-4BB1-AAB5-921766CA73AF}.Debug|x64.ActiveCfg = Debug|x64
		{FF70348E-6B72-4BB1-AAB5-921766CA73AF}.Debug|x64.Build.0 = Debug|x64
		{FF70348E-6B72-4BB1-AAB5-921766CA73AF}.Debug|x86.ActiveCfg = Debug|Win32
		{FF70348E-6B72-4BB1-AAB5-921766CA73AF}.Debug|x86.Build.0 = Debug|Win32
		{FF70348E-6B72-4BB1-AAB5-921766CA73AF}.Release|x64.ActiveCfg = Release|x64
		{FF70348E-6B72-4BB1-AAB5-921766CA73AF}.Release|x64.Build.0 = Release|x64
		{FF70348E-6B72-4BB1-AAB5-921766CA73AF}.Release|x86.ActiveCfg = Release|Win32
		{FF70348E-6B72-4BB1-AAB5-921766CA73AF}.Release|x86.Build.0 = Release|Win32
	EndGlobalSection
	GlobalSection(SolutionProperties) = preSolution
		HideSolutionNode = FALSE
	EndGlobalSection
	GlobalSection(ExtensibilityGlobals) = postSolution
		SolutionGuid = {D5F08B65-A512-4102-BAD5-C189FCF514FC}
	EndGlobalSection
EndGlobal
