
Microsoft Visual Studio Solution File, Format Version 12.00
# Visual Studio Version 17
VisualStudioVersion = 17.8.34330.188
MinimumVisualStudioVersion = 10.0.40219.1
Project("{8BC9CEB8-8B4A-11D0-8D11-00A0C91BC942}") = "excercise2_level2_module2-2.7", "excercise2_level2_module2-2.7\excercise2_level2_module2-2.7.vcxproj", "{AA5F95A1-77F6-47FD-AC5B-8AE437E9CD15}"
EndProject
Global
	GlobalSection(SolutionConfigurationPlatforms) = preSolution
		Debug|x64 = Debug|x64
		Debug|x86 = Debug|x86
		Release|x64 = Release|x64
		Release|x86 = Release|x86
	EndGlobalSection
	GlobalSection(ProjectConfigurationPlatforms) = postSolution
		{AA5F95A1-77F6-47FD-AC5B-8AE437E9CD15}.Debug|x64.ActiveCfg = Debug|x64
		{AA5F95A1-77F6-47FD-AC5B-8AE437E9CD15}.Debug|x64.Build.0 = Debug|x64
		{AA5F95A1-77F6-47FD-AC5B-8AE437E9CD15}.Debug|x86.ActiveCfg = Debug|Win32
		{AA5F95A1-77F6-47FD-AC5B-8AE437E9CD15}.Debug|x86.Build.0 = Debug|Win32
		{AA5F95A1-77F6-47FD-AC5B-8AE437E9CD15}.Release|x64.ActiveCfg = Release|x64
		{AA5F95A1-77F6-47FD-AC5B-8AE437E9CD15}.Release|x64.Build.0 = Release|x64
		{AA5F95A1-77F6-47FD-AC5B-8AE437E9CD15}.Release|x86.ActiveCfg = Release|Win32
		{AA5F95A1-77F6-47FD-AC5B-8AE437E9CD15}.Release|x86.Build.0 = Release|Win32
	EndGlobalSection
	GlobalSection(SolutionProperties) = preSolution
		HideSolutionNode = FALSE
	EndGlobalSection
	GlobalSection(ExtensibilityGlobals) = postSolution
		SolutionGuid = {5F39C919-E548-442E-B795-03B94BD0C825}
	EndGlobalSection
EndGlobal
